// !$*UTF8*$!
{
	archiveVersion = 1;
	classes = {
	};
	objectVersion = 46;
	objects = {

/* Begin PBXBuildFile section */
		9FAB02691F2985C0008F36D6 /* main.cpp in Sources */ = {isa = PBXBuildFile; fileRef = 9FAB02681F2985C0008F36D6 /* main.cpp */; };
		9FAB02711F2985D0008F36D6 /* OldWang.cpp in Sources */ = {isa = PBXBuildFile; fileRef = 9FAB026F1F2985D0008F36D6 /* OldWang.cpp */; };
		9FAB02741F29D4A5008F36D6 /* SmartPoint.cpp in Sources */ = {isa = PBXBuildFile; fileRef = 9FAB02721F29D4A5008F36D6 /* SmartPoint.cpp */; };
/* End PBXBuildFile section */

/* Begin PBXCopyFilesBuildPhase section */
		9FAB02631F2985C0008F36D6 /* CopyFiles */ = {
			isa = PBXCopyFilesBuildPhase;
			buildActionMask = 2147483647;
			dstPath = /usr/share/man/man1/;
			dstSubfolderSpec = 0;
			files = (
			);
			runOnlyForDeploymentPostprocessing = 1;
		};
/* End PBXCopyFilesBuildPhase section */

/* Begin PBXFileReference section */
		9FAB02651F2985C0008F36D6 /* operator_prc */ = {isa = PBXFileReference; explicitFileType = "compiled.mach-o.executable"; includeInIndex = 0; path = operator_prc; sourceTree = BUILT_PRODUCTS_DIR; };
		9FAB02681F2985C0008F36D6 /* main.cpp */ = {isa = PBXFileReference; lastKnownFileType = sourcecode.cpp.cpp; path = main.cpp; sourceTree = "<group>"; };
		9FAB026F1F2985D0008F36D6 /* OldWang.cpp */ = {isa = PBXFileReference; fileEncoding = 4; lastKnownFileType = sourcecode.cpp.cpp; path = OldWang.cpp; sourceTree = "<group>"; };
		9FAB02701F2985D0008F36D6 /* OldWang.hpp */ = {isa = PBXFileReference; fileEncoding = 4; lastKnownFileType = sourcecode.cpp.h; path = OldWang.hpp; sourceTree = "<group>"; };
		9FAB02721F29D4A5008F36D6 /* SmartPoint.cpp */ = {isa = PBXFileReference; fileEncoding = 4; lastKnownFileType = sourcecode.cpp.cpp; path = SmartPoint.cpp; sourceTree = "<group>"; };
		9FAB02731F29D4A5008F36D6 /* SmartPoint.hpp */ = {isa = PBXFileReference; fileEncoding = 4; lastKnownFileType = sourcecode.cpp.h; path = SmartPoint.hpp; sourceTree = "<group>"; };
/* End PBXFileReference section */

/* Begin PBXFrameworksBuildPhase section */
		9FAB02621F2985C0008F36D6 /* Frameworks */ = {
			isa = PBXFrameworksBuildPhase;
			buildActionMask = 2147483647;
			files = (
			);
			runOnlyForDeploymentPostprocessing = 0;
		};
/* End PBXFrameworksBuildPhase section */

/* Begin PBXGroup section */
		9FAB025C1F2985C0008F36D6 = {
			isa = PBXGroup;
			children = (
				9FAB02671F2985C0008F36D6 /* operator_prc */,
				9FAB02661F2985C0008F36D6 /* Products */,
			);
			sourceTree = "<group>";
		};
		9FAB02661F2985C0008F36D6 /* Products */ = {
			isa = PBXGroup;
			children = (
				9FAB02651F2985C0008F36D6 /* operator_prc */,
			);
			name = Products;
			sourceTree = "<group>";
		};
		9FAB02671F2985C0008F36D6 /* operator_prc */ = {
			isa = PBXGroup;
			children = (
				9FAB02681F2985C0008F36D6 /* main.cpp */,
				9FAB026F1F2985D0008F36D6 /* OldWang.cpp */,
				9FAB02701F2985D0008F36D6 /* OldWang.hpp */,
				9FAB02721F29D4A5008F36D6 /* SmartPoint.cpp */,
				9FAB02731F29D4A5008F36D6 /* SmartPoint.hpp */,
			);
			path = operator_prc;
			sourceTree = "<group>";
		};
/* End PBXGroup section */

/* Begin PBXNativeTarget section */
		9FAB02641F2985C0008F36D6 /* operator_prc */ = {
			isa = PBXNativeTarget;
			buildConfigurationList = 9FAB026C1F2985C0008F36D6 /* Build configuration list for PBXNativeTarget "operator_prc" */;
			buildPhases = (
				9FAB02611F2985C0008F36D6 /* Sources */,
				9FAB02621F2985C0008F36D6 /* Frameworks */,
				9FAB02631F2985C0008F36D6 /* CopyFiles */,
			);
			buildRules = (
			);
			dependencies = (
			);
			name = operator_prc;
			productName = operator_prc;
			productReference = 9FAB02651F2985C0008F36D6 /* operator_prc */;
			productType = "com.apple.product-type.tool";
		};
/* End PBXNativeTarget section */

/* Begin PBXProject section */
		9FAB025D1F2985C0008F36D6 /* Project object */ = {
			isa = PBXProject;
			attributes = {
				LastUpgradeCheck = 0830;
				ORGANIZATIONNAME = Gno;
				TargetAttributes = {
					9FAB02641F2985C0008F36D6 = {
						CreatedOnToolsVersion = 8.3.3;
						ProvisioningStyle = Automatic;
					};
				};
			};
			buildConfigurationList = 9FAB02601F2985C0008F36D6 /* Build configuration list for PBXProject "operator_prc" */;
			compatibilityVersion = "Xcode 3.2";
			developmentRegion = English;
			hasScannedForEncodings = 0;
			knownRegions = (
				en,
			);
			mainGroup = 9FAB025C1F2985C0008F36D6;
			productRefGroup = 9FAB02661F2985C0008F36D6 /* Products */;
			projectDirPath = "";
			projectRoot = "";
			targets = (
				9FAB02641F2985C0008F36D6 /* operator_prc */,
			);
		};
/* End PBXProject section */

/* Begin PBXSourcesBuildPhase section */
		9FAB02611F2985C0008F36D6 /* Sources */ = {
			isa = PBXSourcesBuildPhase;
			buildActionMask = 2147483647;
			files = (
				9FAB02741F29D4A5008F36D6 /* SmartPoint.cpp in Sources */,
				9FAB02711F2985D0008F36D6 /* OldWang.cpp in Sources */,
				9FAB02691F2985C0008F36D6 /* main.cpp in Sources */,
			);
			runOnlyForDeploymentPostprocessing = 0;
		};
/* End PBXSourcesBuildPhase section */

/* Begin XCBuildConfiguration section */
		9FAB026A1F2985C0008F36D6 /* Debug */ = {
			isa = XCBuildConfiguration;
			buildSettings = {
				ALWAYS_SEARCH_USER_PATHS = NO;
				CLANG_ANALYZER_NONNULL = YES;
				CLANG_ANALYZER_NUMBER_OBJECT_CONVERSION = YES_AGGRESSIVE;
				CLANG_CXX_LANGUAGE_STANDARD = "gnu++0x";
				CLANG_CXX_LIBRARY = "libc++";
				CLANG_ENABLE_MODULES = YES;
				CLANG_ENABLE_OBJC_ARC = YES;
				CLANG_WARN_BOOL_CONVERSION = YES;
				CLANG_WARN_CONSTANT_CONVERSION = YES;
				CLANG_WARN_DIRECT_OBJC_ISA_USAGE = YES_ERROR;
				CLANG_WARN_DOCUMENTATION_COMMENTS = YES;
				CLANG_WARN_EMPTY_BODY = YES;
				CLANG_WARN_ENUM_CONVERSION = YES;
				CLANG_WARN_INFINITE_RECURSION = YES;
				CLANG_WARN_INT_CONVERSION = YES;
				CLANG_WARN_OBJC_ROOT_CLASS = YES_ERROR;
				CLANG_WARN_SUSPICIOUS_MOVE = YES;
				CLANG_WARN_UNREACHABLE_CODE = YES;
				CLANG_WARN__DUPLICATE_METHOD_MATCH = YES;
				CODE_SIGN_IDENTITY = "-";
				COPY_PHASE_STRIP = NO;
				DEBUG_INFORMATION_FORMAT = dwarf;
				ENABLE_STRICT_OBJC_MSGSEND = YES;
				ENABLE_TESTABILITY = YES;
				GCC_C_LANGUAGE_STANDARD = gnu99;
				GCC_DYNAMIC_NO_PIC = NO;
				GCC_NO_COMMON_BLOCKS = YES;
				GCC_OPTIMIZATION_LEVEL = 0;
				GCC_PREPROCESSOR_DEFINITIONS = (
					"DEBUG=1",
					"$(inherited)",
				);
				GCC_WARN_64_TO_32_BIT_CONVERSION = YES;
				GCC_WARN_ABOUT_RETURN_TYPE = YES_ERROR;
				GCC_WARN_UNDECLARED_SELECTOR = YES;
				GCC_WARN_UNINITIALIZED_AUTOS = YES_AGGRESSIVE;
				GCC_WARN_UNUSED_FUNCTION = YES;
				GCC_WARN_UNUSED_VARIABLE = YES;
				MACOSX_DEPLOYMENT_TARGET = 10.12;
				MTL_ENABLE_DEBUG_INFO = YES;
				ONLY_ACTIVE_ARCH = YES;
				SDKROOT = macosx;
			};
			name = Debug;
		};
		9FAB026B1F2985C0008F36D6 /* Release */ = {
			isa = XCBuildConfiguration;
			buildSettings = {
				ALWAYS_SEARCH_USER_PATHS = NO;
				CLANG_ANALYZER_NONNULL = YES;
				CLANG_ANALYZER_NUMBER_OBJECT_CONVERSION = YES_AGGRESSIVE;
				CLANG_CXX_LANGUAGE_STANDARD = "gnu++0x";
				CLANG_CXX_LIBRARY = "libc++";
				CLANG_ENABLE_MODULES = YES;
				CLANG_ENABLE_OBJC_ARC = YES;
				CLANG_WARN_BOOL_CONVERSION = YES;
				CLANG_WARN_CONSTANT_CONVERSION = YES;
				CLANG_WARN_DIRECT_OBJC_ISA_USAGE = YES_ERROR;
				CLANG_WARN_DOCUMENTATION_COMMENTS = YES;
				CLANG_WARN_EMPTY_BODY = YES;
				CLANG_WARN_ENUM_CONVERSION = YES;
				CLANG_WARN_INFINITE_RECURSION = YES;
				CLANG_WARN_INT_CONVERSION = YES;
				CLANG_WARN_OBJC_ROOT_CLASS = YES_ERROR;
				CLANG_WARN_SUSPICIOUS_MOVE = YES;
				CLANG_WARN_UNREACHABLE_CODE = YES;
				CLANG_WARN__DUPLICATE_METHOD_MATCH = YES;
				CODE_SIGN_IDENTITY = "-";
				COPY_PHASE_STRIP = NO;
				DEBUG_INFORMATION_FORMAT = "dwarf-with-dsym";
				ENABLE_NS_ASSERTIONS = NO;
				ENABLE_STRICT_OBJC_MSGSEND = YES;
				GCC_C_LANGUAGE_STANDARD = gnu99;
				GCC_NO_COMMON_BLOCKS = YES;
				GCC_WARN_64_TO_32_BIT_CONVERSION = YES;
				GCC_WARN_ABOUT_RETURN_TYPE = YES_ERROR;
				GCC_WARN_UNDECLARED_SELECTOR = YES;
				GCC_WARN_UNINITIALIZED_AUTOS = YES_AGGRESSIVE;
				GCC_WARN_UNUSED_FUNCTION = YES;
				GCC_WARN_UNUSED_VARIABLE = YES;
				MACOSX_DEPLOYMENT_TARGET = 10.12;
				MTL_ENABLE_DEBUG_INFO = NO;
				SDKROOT = macosx;
			};
			name = Release;
		};
		9FAB026D1F2985C0008F36D6 /* Debug */ = {
			isa = XCBuildConfiguration;
			buildSettings = {
				PRODUCT_NAME = "$(TARGET_NAME)";
			};
			name = Debug;
		};
		9FAB026E1F2985C0008F36D6 /* Release */ = {
			isa = XCBuildConfiguration;
			buildSettings = {
				PRODUCT_NAME = "$(TARGET_NAME)";
			};
			name = Release;
		};
/* End XCBuildConfiguration section */

/* Begin XCConfigurationList section */
		9FAB02601F2985C0008F36D6 /* Build configuration list for PBXProject "operator_prc" */ = {
			isa = XCConfigurationList;
			buildConfigurations = (
				9FAB026A1F2985C0008F36D6 /* Debug */,
				9FAB026B1F2985C0008F36D6 /* Release */,
			);
			defaultConfigurationIsVisible = 0;
			defaultConfigurationName = Release;
		};
		9FAB026C1F2985C0008F36D6 /* Build configuration list for PBXNativeTarget "operator_prc" */ = {
			isa = XCConfigurationList;
			buildConfigurations = (
				9FAB026D1F2985C0008F36D6 /* Debug */,
				9FAB026E1F2985C0008F36D6 /* Release */,
			);
			defaultConfigurationIsVisible = 0;
		};
/* End XCConfigurationList section */
	};
	rootObject = 9FAB025D1F2985C0008F36D6 /* Project object */;
}
