// !$*UTF8*$!
{
	archiveVersion = 1;
	classes = {
	};
	objectVersion = 46;
	objects = {

/* Begin PBXBuildFile section */
		9F29C6FE1F2593D6009D053C /* main.cpp in Sources */ = {isa = PBXBuildFile; fileRef = 9F29C6FD1F2593D5009D053C /* main.cpp */; };
		9F29C7081F259527009D053C /* Point.cpp in Sources */ = {isa = PBXBuildFile; fileRef = 9F29C7061F259527009D053C /* Point.cpp */; };
		9F29C70B1F259555009D053C /* Circle.cpp in Sources */ = {isa = PBXBuildFile; fileRef = 9F29C7091F259555009D053C /* Circle.cpp */; };
/* End PBXBuildFile section */

/* Begin PBXCopyFilesBuildPhase section */
		9F29C6F81F2593D5009D053C /* CopyFiles */ = {
			isa = PBXCopyFilesBuildPhase;
			buildActionMask = 2147483647;
			dstPath = /usr/share/man/man1/;
			dstSubfolderSpec = 0;
			files = (
			);
			runOnlyForDeploymentPostprocessing = 1;
		};
/* End PBXCopyFilesBuildPhase section */

/* Begin PBXFileReference section */
		9F29C6FA1F2593D5009D053C /* Circle_And_Point */ = {isa = PBXFileReference; explicitFileType = "compiled.mach-o.executable"; includeInIndex = 0; path = Circle_And_Point; sourceTree = BUILT_PRODUCTS_DIR; };
		9F29C6FD1F2593D5009D053C /* main.cpp */ = {isa = PBXFileReference; lastKnownFileType = sourcecode.cpp.cpp; path = main.cpp; sourceTree = "<group>"; };
		9F29C7061F259527009D053C /* Point.cpp */ = {isa = PBXFileReference; fileEncoding = 4; lastKnownFileType = sourcecode.cpp.cpp; path = Point.cpp; sourceTree = "<group>"; };
		9F29C7071F259527009D053C /* Point.hpp */ = {isa = PBXFileReference; fileEncoding = 4; lastKnownFileType = sourcecode.cpp.h; path = Point.hpp; sourceTree = "<group>"; };
		9F29C7091F259555009D053C /* Circle.cpp */ = {isa = PBXFileReference; fileEncoding = 4; lastKnownFileType = sourcecode.cpp.cpp; path = Circle.cpp; sourceTree = "<group>"; };
		9F29C70A1F259555009D053C /* Circle.hpp */ = {isa = PBXFileReference; fileEncoding = 4; lastKnownFileType = sourcecode.cpp.h; path = Circle.hpp; sourceTree = "<group>"; };
/* End PBXFileReference section */

/* Begin PBXFrameworksBuildPhase section */
		9F29C6F71F2593D5009D053C /* Frameworks */ = {
			isa = PBXFrameworksBuildPhase;
			buildActionMask = 2147483647;
			files = (
			);
			runOnlyForDeploymentPostprocessing = 0;
		};
/* End PBXFrameworksBuildPhase section */

/* Begin PBXGroup section */
		9F29C6F11F2593D5009D053C = {
			isa = PBXGroup;
			children = (
				9F29C6FC1F2593D5009D053C /* Circle_And_Point */,
				9F29C6FB1F2593D5009D053C /* Products */,
			);
			sourceTree = "<group>";
		};
		9F29C6FB1F2593D5009D053C /* Products */ = {
			isa = PBXGroup;
			children = (
				9F29C6FA1F2593D5009D053C /* Circle_And_Point */,
			);
			name = Products;
			sourceTree = "<group>";
		};
		9F29C6FC1F2593D5009D053C /* Circle_And_Point */ = {
			isa = PBXGroup;
			children = (
				9F29C6FD1F2593D5009D053C /* main.cpp */,
				9F29C7061F259527009D053C /* Point.cpp */,
				9F29C7071F259527009D053C /* Point.hpp */,
				9F29C7091F259555009D053C /* Circle.cpp */,
				9F29C70A1F259555009D053C /* Circle.hpp */,
			);
			path = Circle_And_Point;
			sourceTree = "<group>";
		};
/* End PBXGroup section */

/* Begin PBXNativeTarget section */
		9F29C6F91F2593D5009D053C /* Circle_And_Point */ = {
			isa = PBXNativeTarget;
			buildConfigurationList = 9F29C7011F2593D6009D053C /* Build configuration list for PBXNativeTarget "Circle_And_Point" */;
			buildPhases = (
				9F29C6F61F2593D5009D053C /* Sources */,
				9F29C6F71F2593D5009D053C /* Frameworks */,
				9F29C6F81F2593D5009D053C /* CopyFiles */,
			);
			buildRules = (
			);
			dependencies = (
			);
			name = Circle_And_Point;
			productName = Circle_And_Point;
			productReference = 9F29C6FA1F2593D5009D053C /* Circle_And_Point */;
			productType = "com.apple.product-type.tool";
		};
/* End PBXNativeTarget section */

/* Begin PBXProject section */
		9F29C6F21F2593D5009D053C /* Project object */ = {
			isa = PBXProject;
			attributes = {
				LastUpgradeCheck = 0830;
				ORGANIZATIONNAME = Gno;
				TargetAttributes = {
					9F29C6F91F2593D5009D053C = {
						CreatedOnToolsVersion = 8.3.3;
						ProvisioningStyle = Automatic;
					};
				};
			};
			buildConfigurationList = 9F29C6F51F2593D5009D053C /* Build configuration list for PBXProject "Circle_And_Point" */;
			compatibilityVersion = "Xcode 3.2";
			developmentRegion = English;
			hasScannedForEncodings = 0;
			knownRegions = (
				en,
			);
			mainGroup = 9F29C6F11F2593D5009D053C;
			productRefGroup = 9F29C6FB1F2593D5009D053C /* Products */;
			projectDirPath = "";
			projectRoot = "";
			targets = (
				9F29C6F91F2593D5009D053C /* Circle_And_Point */,
			);
		};
/* End PBXProject section */

/* Begin PBXSourcesBuildPhase section */
		9F29C6F61F2593D5009D053C /* Sources */ = {
			isa = PBXSourcesBuildPhase;
			buildActionMask = 2147483647;
			files = (
				9F29C7081F259527009D053C /* Point.cpp in Sources */,
				9F29C70B1F259555009D053C /* Circle.cpp in Sources */,
				9F29C6FE1F2593D6009D053C /* main.cpp in Sources */,
			);
			runOnlyForDeploymentPostprocessing = 0;
		};
/* End PBXSourcesBuildPhase section */

/* Begin XCBuildConfiguration section */
		9F29C6FF1F2593D6009D053C /* Debug */ = {
			isa = XCBuildConfiguration;
			buildSettings = {
				ALWAYS_SEARCH_USER_PATHS = NO;
				CLANG_ANALYZER_NONNULL = YES;
				CLANG_ANALYZER_NUMBER_OBJECT_CONVERSION = YES_AGGRESSIVE;
				CLANG_CXX_LANGUAGE_STANDARD = "gnu++0x";
				CLANG_CXX_LIBRARY = "libc++";
				CLANG_ENABLE_MODULES = YES;
				CLANG_ENABLE_OBJC_ARC = YES;
				CLANG_WARN_BOOL_CONVERSION = YES;
				CLANG_WARN_CONSTANT_CONVERSION = YES;
				CLANG_WARN_DIRECT_OBJC_ISA_USAGE = YES_ERROR;
				CLANG_WARN_DOCUMENTATION_COMMENTS = YES;
				CLANG_WARN_EMPTY_BODY = YES;
				CLANG_WARN_ENUM_CONVERSION = YES;
				CLANG_WARN_INFINITE_RECURSION = YES;
				CLANG_WARN_INT_CONVERSION = YES;
				CLANG_WARN_OBJC_ROOT_CLASS = YES_ERROR;
				CLANG_WARN_SUSPICIOUS_MOVE = YES;
				CLANG_WARN_UNREACHABLE_CODE = YES;
				CLANG_WARN__DUPLICATE_METHOD_MATCH = YES;
				CODE_SIGN_IDENTITY = "-";
				COPY_PHASE_STRIP = NO;
				DEBUG_INFORMATION_FORMAT = dwarf;
				ENABLE_STRICT_OBJC_MSGSEND = YES;
				ENABLE_TESTABILITY = YES;
				GCC_C_LANGUAGE_STANDARD = gnu99;
				GCC_DYNAMIC_NO_PIC = NO;
				GCC_NO_COMMON_BLOCKS = YES;
				GCC_OPTIMIZATION_LEVEL = 0;
				GCC_PREPROCESSOR_DEFINITIONS = (
					"DEBUG=1",
					"$(inherited)",
				);
				GCC_WARN_64_TO_32_BIT_CONVERSION = YES;
				GCC_WARN_ABOUT_RETURN_TYPE = YES_ERROR;
				GCC_WARN_UNDECLARED_SELECTOR = YES;
				GCC_WARN_UNINITIALIZED_AUTOS = YES_AGGRESSIVE;
				GCC_WARN_UNUSED_FUNCTION = YES;
				GCC_WARN_UNUSED_VARIABLE = YES;
				MACOSX_DEPLOYMENT_TARGET = 10.12;
				MTL_ENABLE_DEBUG_INFO = YES;
				ONLY_ACTIVE_ARCH = YES;
				SDKROOT = macosx;
			};
			name = Debug;
		};
		9F29C7001F2593D6009D053C /* Release */ = {
			isa = XCBuildConfiguration;
			buildSettings = {
				ALWAYS_SEARCH_USER_PATHS = NO;
				CLANG_ANALYZER_NONNULL = YES;
				CLANG_ANALYZER_NUMBER_OBJECT_CONVERSION = YES_AGGRESSIVE;
				CLANG_CXX_LANGUAGE_STANDARD = "gnu++0x";
				CLANG_CXX_LIBRARY = "libc++";
				CLANG_ENABLE_MODULES = YES;
				CLANG_ENABLE_OBJC_ARC = YES;
				CLANG_WARN_BOOL_CONVERSION = YES;
				CLANG_WARN_CONSTANT_CONVERSION = YES;
				CLANG_WARN_DIRECT_OBJC_ISA_USAGE = YES_ERROR;
				CLANG_WARN_DOCUMENTATION_COMMENTS = YES;
				CLANG_WARN_EMPTY_BODY = YES;
				CLANG_WARN_ENUM_CONVERSION = YES;
				CLANG_WARN_INFINITE_RECURSION = YES;
				CLANG_WARN_INT_CONVERSION = YES;
				CLANG_WARN_OBJC_ROOT_CLASS = YES_ERROR;
				CLANG_WARN_SUSPICIOUS_MOVE = YES;
				CLANG_WARN_UNREACHABLE_CODE = YES;
				CLANG_WARN__DUPLICATE_METHOD_MATCH = YES;
				CODE_SIGN_IDENTITY = "-";
				COPY_PHASE_STRIP = NO;
				DEBUG_INFORMATION_FORMAT = "dwarf-with-dsym";
				ENABLE_NS_ASSERTIONS = NO;
				ENABLE_STRICT_OBJC_MSGSEND = YES;
				GCC_C_LANGUAGE_STANDARD = gnu99;
				GCC_NO_COMMON_BLOCKS = YES;
				GCC_WARN_64_TO_32_BIT_CONVERSION = YES;
				GCC_WARN_ABOUT_RETURN_TYPE = YES_ERROR;
				GCC_WARN_UNDECLARED_SELECTOR = YES;
				GCC_WARN_UNINITIALIZED_AUTOS = YES_AGGRESSIVE;
				GCC_WARN_UNUSED_FUNCTION = YES;
				GCC_WARN_UNUSED_VARIABLE = YES;
				MACOSX_DEPLOYMENT_TARGET = 10.12;
				MTL_ENABLE_DEBUG_INFO = NO;
				SDKROOT = macosx;
			};
			name = Release;
		};
		9F29C7021F2593D6009D053C /* Debug */ = {
			isa = XCBuildConfiguration;
			buildSettings = {
				PRODUCT_NAME = "$(TARGET_NAME)";
			};
			name = Debug;
		};
		9F29C7031F2593D6009D053C /* Release */ = {
			isa = XCBuildConfiguration;
			buildSettings = {
				PRODUCT_NAME = "$(TARGET_NAME)";
			};
			name = Release;
		};
/* End XCBuildConfiguration section */

/* Begin XCConfigurationList section */
		9F29C6F51F2593D5009D053C /* Build configuration list for PBXProject "Circle_And_Point" */ = {
			isa = XCConfigurationList;
			buildConfigurations = (
				9F29C6FF1F2593D6009D053C /* Debug */,
				9F29C7001F2593D6009D053C /* Release */,
			);
			defaultConfigurationIsVisible = 0;
			defaultConfigurationName = Release;
		};
		9F29C7011F2593D6009D053C /* Build configuration list for PBXNativeTarget "Circle_And_Point" */ = {
			isa = XCConfigurationList;
			buildConfigurations = (
				9F29C7021F2593D6009D053C /* Debug */,
				9F29C7031F2593D6009D053C /* Release */,
			);
			defaultConfigurationIsVisible = 0;
			defaultConfigurationName = Release;
		};
/* End XCConfigurationList section */
	};
	rootObject = 9F29C6F21F2593D5009D053C /* Project object */;
}
